// !$*UTF8*$!
{
	archiveVersion = 1;
	classes = {
	};
	objectVersion = 56;
	objects = {

/* Begin PBXBuildFile section */
		2F2DE36E2BE008FC00636A0E /* TipKit.swift in Sources */ = {isa = PBXBuildFile; fileRef = 2F2DE36D2BE008FC00636A0E /* TipKit.swift */; };
		2F3108762BE9392C00799115 /* TDAProjCode.swift in Sources */ = {isa = PBXBuildFile; fileRef = 2F3108752BE9392C00799115 /* TDAProjCode.swift */; };
		2F44BE552BD5853400C56CFA /* AmbitBold.ttf in Resources */ = {isa = PBXBuildFile; fileRef = 2F44BE542BD5853400C56CFA /* AmbitBold.ttf */; };
		2F5ABD202B86001900B8A5D6 /* MarkoOne-Regular.ttf in Resources */ = {isa = PBXBuildFile; fileRef = 2F5ABD1F2B86001900B8A5D6 /* MarkoOne-Regular.ttf */; };
		2F6F396B2BC3205200CECC85 /* PointerView.swift in Sources */ = {isa = PBXBuildFile; fileRef = 2F6F396A2BC3205200CECC85 /* PointerView.swift */; };
		2F6FC3B12BA8A81900E1BD54 /* SeriesScoutNetworkServiceIntegrationTests.swift in Sources */ = {isa = PBXBuildFile; fileRef = 2F6FC3B02BA8A81900E1BD54 /* SeriesScoutNetworkServiceIntegrationTests.swift */; };
		2F7578292BCC4D630090306F /* CoachMarksUserDefaults.swift in Sources */ = {isa = PBXBuildFile; fileRef = 2F7578282BCC4D630090306F /* CoachMarksUserDefaults.swift */; };
		2F867ED32BE54ACB00ECC1ED /* GeometryReaderTestView.swift in Sources */ = {isa = PBXBuildFile; fileRef = 2F867ED22BE54ACB00ECC1ED /* GeometryReaderTestView.swift */; };
		2F8DCB9D2B7F9E5900466CF0 /* SeriesScoutViewModel.swift in Sources */ = {isa = PBXBuildFile; fileRef = 2F8DCB9C2B7F9E5900466CF0 /* SeriesScoutViewModel.swift */; };
		2F8DCBAA2B7FAB2700466CF0 /* SeriesScoutViewModelTests.swift in Sources */ = {isa = PBXBuildFile; fileRef = 2F8DCBA92B7FAB2700466CF0 /* SeriesScoutViewModelTests.swift */; };
		2F8DCBAC2B7FC6B000466CF0 /* MockedSeriesScoutNetworkService.swift in Sources */ = {isa = PBXBuildFile; fileRef = 2F8DCBAB2B7FC6B000466CF0 /* MockedSeriesScoutNetworkService.swift */; };
		2F8EDAFB2BBEE85300D7785D /* GenericErrorView.swift in Sources */ = {isa = PBXBuildFile; fileRef = 2F8EDAFA2BBEE85300D7785D /* GenericErrorView.swift */; };
		2F9AB6B42BEFC3EA00CC2C61 /* CoachMarksUserDefaultsTests.swift in Sources */ = {isa = PBXBuildFile; fileRef = 2F9AB6B32BEFC3EA00CC2C61 /* CoachMarksUserDefaultsTests.swift */; };
		2F9AB6BA2BEFE1D700CC2C61 /* InlineSnapshotTesting in Frameworks */ = {isa = PBXBuildFile; productRef = 2F9AB6B92BEFE1D700CC2C61 /* InlineSnapshotTesting */; };
		2F9AB6BC2BEFE1D700CC2C61 /* SnapshotTesting in Frameworks */ = {isa = PBXBuildFile; productRef = 2F9AB6BB2BEFE1D700CC2C61 /* SnapshotTesting */; };
		2F9AB6C02BEFE29700CC2C61 /* CoachMarkViewTests.swift in Sources */ = {isa = PBXBuildFile; fileRef = 2F9AB6BF2BEFE29700CC2C61 /* CoachMarkViewTests.swift */; };
		2F9AB78C2BF39F2C00CC2C61 /* SearchResultCardView.swift in Sources */ = {isa = PBXBuildFile; fileRef = 2F9AB78B2BF39F2C00CC2C61 /* SearchResultCardView.swift */; };
		2F9AB78E2BF3A14800CC2C61 /* ResultsRatingOverviewView.swift in Sources */ = {isa = PBXBuildFile; fileRef = 2F9AB78D2BF3A14800CC2C61 /* ResultsRatingOverviewView.swift */; };
		2F9AB7902BF3A9F800CC2C61 /* ZStacksAndScrollView.swift in Sources */ = {isa = PBXBuildFile; fileRef = 2F9AB78F2BF3A9F800CC2C61 /* ZStacksAndScrollView.swift */; };
		2F9AB7B12BF7753A00CC2C61 /* ModalVersion.swift in Sources */ = {isa = PBXBuildFile; fileRef = 2F9AB7B02BF7753A00CC2C61 /* ModalVersion.swift */; };
		2FA0C7DC2BC1D95C00D52BDD /* CoachMark.swift in Sources */ = {isa = PBXBuildFile; fileRef = 2FA0C7DB2BC1D95C00D52BDD /* CoachMark.swift */; };
		2FA0C7EB2BC1E2E700D52BDD /* Ambit-Bold.otf in Resources */ = {isa = PBXBuildFile; fileRef = 2FA0C7EA2BC1E2E700D52BDD /* Ambit-Bold.otf */; };
		2FA0C7ED2BC3134600D52BDD /* TUITypeLight-Regular.ttf in Resources */ = {isa = PBXBuildFile; fileRef = 2FA0C7EC2BC3134600D52BDD /* TUITypeLight-Regular.ttf */; };
		2FC48A412B7D1F2C0042485E /* SeriesScoutApp.swift in Sources */ = {isa = PBXBuildFile; fileRef = 2FC48A402B7D1F2C0042485E /* SeriesScoutApp.swift */; };
		2FC48A432B7D1F2C0042485E /* ResultView.swift in Sources */ = {isa = PBXBuildFile; fileRef = 2FC48A422B7D1F2C0042485E /* ResultView.swift */; };
		2FC48A452B7D1F2C0042485E /* Assets.xcassets in Resources */ = {isa = PBXBuildFile; fileRef = 2FC48A442B7D1F2C0042485E /* Assets.xcassets */; };
		2FC48A492B7D1F2C0042485E /* Preview Assets.xcassets in Resources */ = {isa = PBXBuildFile; fileRef = 2FC48A482B7D1F2C0042485E /* Preview Assets.xcassets */; };
		2FC48A6F2B7D20250042485E /* UtellyModel.swift in Sources */ = {isa = PBXBuildFile; fileRef = 2FC48A6E2B7D20250042485E /* UtellyModel.swift */; };
		2FC48A712B7D207B0042485E /* SeriesScoutNetworkService.swift in Sources */ = {isa = PBXBuildFile; fileRef = 2FC48A702B7D207B0042485E /* SeriesScoutNetworkService.swift */; };
		2FC48A762B7D223F0042485E /* UtellySampleResponse.json in Resources */ = {isa = PBXBuildFile; fileRef = 2FC48A752B7D223F0042485E /* UtellySampleResponse.json */; };
/* End PBXBuildFile section */

/* Begin PBXContainerItemProxy section */
		2FC48A4F2B7D1F2C0042485E /* PBXContainerItemProxy */ = {
			isa = PBXContainerItemProxy;
			containerPortal = 2FC48A352B7D1F2C0042485E /* Project object */;
			proxyType = 1;
			remoteGlobalIDString = 2FC48A3C2B7D1F2C0042485E;
			remoteInfo = SeriesScout;
		};
/* End PBXContainerItemProxy section */

/* Begin PBXFileReference section */
		2F2DE36D2BE008FC00636A0E /* TipKit.swift */ = {isa = PBXFileReference; lastKnownFileType = sourcecode.swift; path = TipKit.swift; sourceTree = "<group>"; };
		2F3108752BE9392C00799115 /* TDAProjCode.swift */ = {isa = PBXFileReference; lastKnownFileType = sourcecode.swift; path = TDAProjCode.swift; sourceTree = "<group>"; };
		2F44BE542BD5853400C56CFA /* AmbitBold.ttf */ = {isa = PBXFileReference; lastKnownFileType = file; path = AmbitBold.ttf; sourceTree = "<group>"; };
		2F5ABD1F2B86001900B8A5D6 /* MarkoOne-Regular.ttf */ = {isa = PBXFileReference; lastKnownFileType = file; name = "MarkoOne-Regular.ttf"; path = "../../../../Downloads/Marko_One/MarkoOne-Regular.ttf"; sourceTree = "<group>"; };
		2F6F396A2BC3205200CECC85 /* PointerView.swift */ = {isa = PBXFileReference; lastKnownFileType = sourcecode.swift; path = PointerView.swift; sourceTree = "<group>"; };
		2F6FC3B02BA8A81900E1BD54 /* SeriesScoutNetworkServiceIntegrationTests.swift */ = {isa = PBXFileReference; lastKnownFileType = sourcecode.swift; path = SeriesScoutNetworkServiceIntegrationTests.swift; sourceTree = "<group>"; };
		2F7578282BCC4D630090306F /* CoachMarksUserDefaults.swift */ = {isa = PBXFileReference; lastKnownFileType = sourcecode.swift; path = CoachMarksUserDefaults.swift; sourceTree = "<group>"; };
		2F867ED22BE54ACB00ECC1ED /* GeometryReaderTestView.swift */ = {isa = PBXFileReference; lastKnownFileType = sourcecode.swift; path = GeometryReaderTestView.swift; sourceTree = "<group>"; };
		2F8DCB9C2B7F9E5900466CF0 /* SeriesScoutViewModel.swift */ = {isa = PBXFileReference; lastKnownFileType = sourcecode.swift; path = SeriesScoutViewModel.swift; sourceTree = "<group>"; };
		2F8DCBA92B7FAB2700466CF0 /* SeriesScoutViewModelTests.swift */ = {isa = PBXFileReference; lastKnownFileType = sourcecode.swift; path = SeriesScoutViewModelTests.swift; sourceTree = "<group>"; };
		2F8DCBAB2B7FC6B000466CF0 /* MockedSeriesScoutNetworkService.swift */ = {isa = PBXFileReference; lastKnownFileType = sourcecode.swift; path = MockedSeriesScoutNetworkService.swift; sourceTree = "<group>"; };
		2F8EDAFA2BBEE85300D7785D /* GenericErrorView.swift */ = {isa = PBXFileReference; lastKnownFileType = sourcecode.swift; path = GenericErrorView.swift; sourceTree = "<group>"; };
		2F9AB6B32BEFC3EA00CC2C61 /* CoachMarksUserDefaultsTests.swift */ = {isa = PBXFileReference; lastKnownFileType = sourcecode.swift; path = CoachMarksUserDefaultsTests.swift; sourceTree = "<group>"; };
		2F9AB6B72BEFD13200CC2C61 /* Notations.md */ = {isa = PBXFileReference; lastKnownFileType = net.daringfireball.markdown; path = Notations.md; sourceTree = "<group>"; };
		2F9AB6BF2BEFE29700CC2C61 /* CoachMarkViewTests.swift */ = {isa = PBXFileReference; lastKnownFileType = sourcecode.swift; path = CoachMarkViewTests.swift; sourceTree = "<group>"; };
		2F9AB78B2BF39F2C00CC2C61 /* SearchResultCardView.swift */ = {isa = PBXFileReference; lastKnownFileType = sourcecode.swift; path = SearchResultCardView.swift; sourceTree = "<group>"; };
		2F9AB78D2BF3A14800CC2C61 /* ResultsRatingOverviewView.swift */ = {isa = PBXFileReference; lastKnownFileType = sourcecode.swift; path = ResultsRatingOverviewView.swift; sourceTree = "<group>"; };
		2F9AB78F2BF3A9F800CC2C61 /* ZStacksAndScrollView.swift */ = {isa = PBXFileReference; lastKnownFileType = sourcecode.swift; path = ZStacksAndScrollView.swift; sourceTree = "<group>"; };
		2F9AB7B02BF7753A00CC2C61 /* ModalVersion.swift */ = {isa = PBXFileReference; lastKnownFileType = sourcecode.swift; path = ModalVersion.swift; sourceTree = "<group>"; };
		2FA0C7DB2BC1D95C00D52BDD /* CoachMark.swift */ = {isa = PBXFileReference; lastKnownFileType = sourcecode.swift; path = CoachMark.swift; sourceTree = "<group>"; };
		2FA0C7EA2BC1E2E700D52BDD /* Ambit-Bold.otf */ = {isa = PBXFileReference; lastKnownFileType = file; name = "Ambit-Bold.otf"; path = "../../../Ambit-Bold.otf"; sourceTree = "<group>"; };
		2FA0C7EC2BC3134600D52BDD /* TUITypeLight-Regular.ttf */ = {isa = PBXFileReference; lastKnownFileType = file; name = "TUITypeLight-Regular.ttf"; path = "../../../TUITypeLight-Regular.ttf"; sourceTree = "<group>"; };
		2FC48A3D2B7D1F2C0042485E /* SeriesScout.app */ = {isa = PBXFileReference; explicitFileType = wrapper.application; includeInIndex = 0; path = SeriesScout.app; sourceTree = BUILT_PRODUCTS_DIR; };
		2FC48A402B7D1F2C0042485E /* SeriesScoutApp.swift */ = {isa = PBXFileReference; lastKnownFileType = sourcecode.swift; path = SeriesScoutApp.swift; sourceTree = "<group>"; };
		2FC48A422B7D1F2C0042485E /* ResultView.swift */ = {isa = PBXFileReference; lastKnownFileType = sourcecode.swift; path = ResultView.swift; sourceTree = "<group>"; };
		2FC48A442B7D1F2C0042485E /* Assets.xcassets */ = {isa = PBXFileReference; lastKnownFileType = folder.assetcatalog; path = Assets.xcassets; sourceTree = "<group>"; };
		2FC48A462B7D1F2C0042485E /* SeriesScout.entitlements */ = {isa = PBXFileReference; lastKnownFileType = text.plist.entitlements; path = SeriesScout.entitlements; sourceTree = "<group>"; };
		2FC48A482B7D1F2C0042485E /* Preview Assets.xcassets */ = {isa = PBXFileReference; lastKnownFileType = folder.assetcatalog; path = "Preview Assets.xcassets"; sourceTree = "<group>"; };
		2FC48A4E2B7D1F2C0042485E /* SeriesScoutTests.xctest */ = {isa = PBXFileReference; explicitFileType = wrapper.cfbundle; includeInIndex = 0; path = SeriesScoutTests.xctest; sourceTree = BUILT_PRODUCTS_DIR; };
		2FC48A6E2B7D20250042485E /* UtellyModel.swift */ = {isa = PBXFileReference; lastKnownFileType = sourcecode.swift; path = UtellyModel.swift; sourceTree = "<group>"; };
		2FC48A702B7D207B0042485E /* SeriesScoutNetworkService.swift */ = {isa = PBXFileReference; lastKnownFileType = sourcecode.swift; path = SeriesScoutNetworkService.swift; sourceTree = "<group>"; };
		2FC48A752B7D223F0042485E /* UtellySampleResponse.json */ = {isa = PBXFileReference; lastKnownFileType = text.json; path = UtellySampleResponse.json; sourceTree = "<group>"; };
/* End PBXFileReference section */

/* Begin PBXFrameworksBuildPhase section */
		2FC48A3A2B7D1F2C0042485E /* Frameworks */ = {
			isa = PBXFrameworksBuildPhase;
			buildActionMask = 2147483647;
			files = (
			);
			runOnlyForDeploymentPostprocessing = 0;
		};
		2FC48A4B2B7D1F2C0042485E /* Frameworks */ = {
			isa = PBXFrameworksBuildPhase;
			buildActionMask = 2147483647;
			files = (
				2F9AB6BA2BEFE1D700CC2C61 /* InlineSnapshotTesting in Frameworks */,
				2F9AB6BC2BEFE1D700CC2C61 /* SnapshotTesting in Frameworks */,
			);
			runOnlyForDeploymentPostprocessing = 0;
		};
/* End PBXFrameworksBuildPhase section */

/* Begin PBXGroup section */
		2F5ABD1E2B85FFE000B8A5D6 /* Resources */ = {
			isa = PBXGroup;
			children = (
				2FC48A442B7D1F2C0042485E /* Assets.xcassets */,
				2F44BE542BD5853400C56CFA /* AmbitBold.ttf */,
				2FA0C7EA2BC1E2E700D52BDD /* Ambit-Bold.otf */,
				2F5ABD1F2B86001900B8A5D6 /* MarkoOne-Regular.ttf */,
				2FA0C7EC2BC3134600D52BDD /* TUITypeLight-Regular.ttf */,
			);
			path = Resources;
			sourceTree = "<group>";
		};
		2F6FC3AE2BA8A78E00E1BD54 /* Unit Tests */ = {
			isa = PBXGroup;
			children = (
				2F9AB6B22BEFC3B600CC2C61 /* CoachMarks */,
				2F8DCBA92B7FAB2700466CF0 /* SeriesScoutViewModelTests.swift */,
			);
			path = "Unit Tests";
			sourceTree = "<group>";
		};
		2F6FC3AF2BA8A79A00E1BD54 /* Integration Tests */ = {
			isa = PBXGroup;
			children = (
				2F6FC3B02BA8A81900E1BD54 /* SeriesScoutNetworkServiceIntegrationTests.swift */,
			);
			path = "Integration Tests";
			sourceTree = "<group>";
		};
		2F9AB6B12BEFC25700CC2C61 /* Archived */ = {
			isa = PBXGroup;
			children = (
				2F2DE36D2BE008FC00636A0E /* TipKit.swift */,
				2F6F396A2BC3205200CECC85 /* PointerView.swift */,
				2F867ED22BE54ACB00ECC1ED /* GeometryReaderTestView.swift */,
			);
			path = Archived;
			sourceTree = "<group>";
		};
		2F9AB6B22BEFC3B600CC2C61 /* CoachMarks */ = {
			isa = PBXGroup;
			children = (
				2F9AB6B32BEFC3EA00CC2C61 /* CoachMarksUserDefaultsTests.swift */,
			);
			path = CoachMarks;
			sourceTree = "<group>";
		};
		2F9AB6BD2BEFE1FB00CC2C61 /* Snapshot Testing */ = {
			isa = PBXGroup;
			children = (
				2F9AB6BE2BEFE20900CC2C61 /* CoachMarks */,
			);
			path = "Snapshot Testing";
			sourceTree = "<group>";
		};
		2F9AB6BE2BEFE20900CC2C61 /* CoachMarks */ = {
			isa = PBXGroup;
			children = (
				2F9AB6BF2BEFE29700CC2C61 /* CoachMarkViewTests.swift */,
			);
			path = CoachMarks;
			sourceTree = "<group>";
		};
		2F9AB78A2BF39EF200CC2C61 /* TDAClone */ = {
			isa = PBXGroup;
			children = (
				2F9AB78B2BF39F2C00CC2C61 /* SearchResultCardView.swift */,
				2F9AB78D2BF3A14800CC2C61 /* ResultsRatingOverviewView.swift */,
				2F9AB78F2BF3A9F800CC2C61 /* ZStacksAndScrollView.swift */,
			);
			path = TDAClone;
			sourceTree = "<group>";
		};
		2FA0C7DA2BC1D93300D52BDD /* Reusable Components */ = {
			isa = PBXGroup;
			children = (
				2F9AB6B12BEFC25700CC2C61 /* Archived */,
				2FA0C7DB2BC1D95C00D52BDD /* CoachMark.swift */,
				2F9AB7B02BF7753A00CC2C61 /* ModalVersion.swift */,
				2F7578282BCC4D630090306F /* CoachMarksUserDefaults.swift */,
				2F3108752BE9392C00799115 /* TDAProjCode.swift */,
				2F9AB6B72BEFD13200CC2C61 /* Notations.md */,
			);
			path = "Reusable Components";
			sourceTree = "<group>";
		};
		2FC48A342B7D1F2C0042485E = {
			isa = PBXGroup;
			children = (
				2FC48A3F2B7D1F2C0042485E /* SeriesScout */,
				2FC48A512B7D1F2C0042485E /* SeriesScoutTests */,
				2FC48A3E2B7D1F2C0042485E /* Products */,
			);
			sourceTree = "<group>";
		};
		2FC48A3E2B7D1F2C0042485E /* Products */ = {
			isa = PBXGroup;
			children = (
				2FC48A3D2B7D1F2C0042485E /* SeriesScout.app */,
				2FC48A4E2B7D1F2C0042485E /* SeriesScoutTests.xctest */,
			);
			name = Products;
			sourceTree = "<group>";
		};
		2FC48A3F2B7D1F2C0042485E /* SeriesScout */ = {
			isa = PBXGroup;
			children = (
				2F9AB78A2BF39EF200CC2C61 /* TDAClone */,
				2FA0C7DA2BC1D93300D52BDD /* Reusable Components */,
				2F5ABD1E2B85FFE000B8A5D6 /* Resources */,
				2FC48A6D2B7D1FE30042485E /* View */,
				2FC48A6C2B7D1FDA0042485E /* ViewModel */,
				2FC48A6B2B7D1FCE0042485E /* Model */,
				2FC48A402B7D1F2C0042485E /* SeriesScoutApp.swift */,
				2FC48A462B7D1F2C0042485E /* SeriesScout.entitlements */,
				2FC48A472B7D1F2C0042485E /* Preview Content */,
			);
			path = SeriesScout;
			sourceTree = "<group>";
		};
		2FC48A472B7D1F2C0042485E /* Preview Content */ = {
			isa = PBXGroup;
			children = (
				2FC48A482B7D1F2C0042485E /* Preview Assets.xcassets */,
			);
			path = "Preview Content";
			sourceTree = "<group>";
		};
		2FC48A512B7D1F2C0042485E /* SeriesScoutTests */ = {
			isa = PBXGroup;
			children = (
				2F9AB6BD2BEFE1FB00CC2C61 /* Snapshot Testing */,
				2F6FC3AF2BA8A79A00E1BD54 /* Integration Tests */,
				2FCD57032B7F76C6002A4D18 /* Utilities */,
				2FC48A742B7D22090042485E /* Mocks */,
				2F6FC3AE2BA8A78E00E1BD54 /* Unit Tests */,
			);
			path = SeriesScoutTests;
			sourceTree = "<group>";
		};
		2FC48A6B2B7D1FCE0042485E /* Model */ = {
			isa = PBXGroup;
			children = (
				2FC48A6E2B7D20250042485E /* UtellyModel.swift */,
				2FC48A702B7D207B0042485E /* SeriesScoutNetworkService.swift */,
			);
			path = Model;
			sourceTree = "<group>";
		};
		2FC48A6C2B7D1FDA0042485E /* ViewModel */ = {
			isa = PBXGroup;
			children = (
				2F8DCB9C2B7F9E5900466CF0 /* SeriesScoutViewModel.swift */,
			);
			path = ViewModel;
			sourceTree = "<group>";
		};
		2FC48A6D2B7D1FE30042485E /* View */ = {
			isa = PBXGroup;
			children = (
				2FC48A422B7D1F2C0042485E /* ResultView.swift */,
				2F8EDAFA2BBEE85300D7785D /* GenericErrorView.swift */,
			);
			path = View;
			sourceTree = "<group>";
		};
		2FC48A742B7D22090042485E /* Mocks */ = {
			isa = PBXGroup;
			children = (
				2FC48A752B7D223F0042485E /* UtellySampleResponse.json */,
			);
			path = Mocks;
			sourceTree = "<group>";
		};
		2FCD57032B7F76C6002A4D18 /* Utilities */ = {
			isa = PBXGroup;
			children = (
				2F8DCBAB2B7FC6B000466CF0 /* MockedSeriesScoutNetworkService.swift */,
			);
			path = Utilities;
			sourceTree = "<group>";
		};
/* End PBXGroup section */

/* Begin PBXNativeTarget section */
		2FC48A3C2B7D1F2C0042485E /* SeriesScout */ = {
			isa = PBXNativeTarget;
			buildConfigurationList = 2FC48A622B7D1F2C0042485E /* Build configuration list for PBXNativeTarget "SeriesScout" */;
			buildPhases = (
				2FC48A392B7D1F2C0042485E /* Sources */,
				2FC48A3A2B7D1F2C0042485E /* Frameworks */,
				2FC48A3B2B7D1F2C0042485E /* Resources */,
			);
			buildRules = (
			);
			dependencies = (
			);
			name = SeriesScout;
			productName = SeriesScout;
			productReference = 2FC48A3D2B7D1F2C0042485E /* SeriesScout.app */;
			productType = "com.apple.product-type.application";
		};
		2FC48A4D2B7D1F2C0042485E /* SeriesScoutTests */ = {
			isa = PBXNativeTarget;
			buildConfigurationList = 2FC48A652B7D1F2C0042485E /* Build configuration list for PBXNativeTarget "SeriesScoutTests" */;
			buildPhases = (
				2FC48A4A2B7D1F2C0042485E /* Sources */,
				2FC48A4B2B7D1F2C0042485E /* Frameworks */,
				2FC48A4C2B7D1F2C0042485E /* Resources */,
			);
			buildRules = (
			);
			dependencies = (
				2FC48A502B7D1F2C0042485E /* PBXTargetDependency */,
			);
			name = SeriesScoutTests;
			packageProductDependencies = (
				2F9AB6B92BEFE1D700CC2C61 /* InlineSnapshotTesting */,
				2F9AB6BB2BEFE1D700CC2C61 /* SnapshotTesting */,
			);
			productName = SeriesScoutTests;
			productReference = 2FC48A4E2B7D1F2C0042485E /* SeriesScoutTests.xctest */;
			productType = "com.apple.product-type.bundle.unit-test";
		};
/* End PBXNativeTarget section */

/* Begin PBXProject section */
		2FC48A352B7D1F2C0042485E /* Project object */ = {
			isa = PBXProject;
			attributes = {
				BuildIndependentTargetsInParallel = 1;
				LastSwiftUpdateCheck = 1520;
				LastUpgradeCheck = 1520;
				TargetAttributes = {
					2FC48A3C2B7D1F2C0042485E = {
						CreatedOnToolsVersion = 15.2;
					};
					2FC48A4D2B7D1F2C0042485E = {
						CreatedOnToolsVersion = 15.2;
						TestTargetID = 2FC48A3C2B7D1F2C0042485E;
					};
				};
			};
			buildConfigurationList = 2FC48A382B7D1F2C0042485E /* Build configuration list for PBXProject "SeriesScout" */;
			compatibilityVersion = "Xcode 14.0";
			developmentRegion = en;
			hasScannedForEncodings = 0;
			knownRegions = (
				en,
				Base,
			);
			mainGroup = 2FC48A342B7D1F2C0042485E;
			packageReferences = (
				2F9AB6B82BEFE1D700CC2C61 /* XCRemoteSwiftPackageReference "swift-snapshot-testing" */,
			);
			productRefGroup = 2FC48A3E2B7D1F2C0042485E /* Products */;
			projectDirPath = "";
			projectRoot = "";
			targets = (
				2FC48A3C2B7D1F2C0042485E /* SeriesScout */,
				2FC48A4D2B7D1F2C0042485E /* SeriesScoutTests */,
			);
		};
/* End PBXProject section */

/* Begin PBXResourcesBuildPhase section */
		2FC48A3B2B7D1F2C0042485E /* Resources */ = {
			isa = PBXResourcesBuildPhase;
			buildActionMask = 2147483647;
			files = (
				2FA0C7EB2BC1E2E700D52BDD /* Ambit-Bold.otf in Resources */,
				2FA0C7ED2BC3134600D52BDD /* TUITypeLight-Regular.ttf in Resources */,
				2F5ABD202B86001900B8A5D6 /* MarkoOne-Regular.ttf in Resources */,
				2FC48A492B7D1F2C0042485E /* Preview Assets.xcassets in Resources */,
				2FC48A452B7D1F2C0042485E /* Assets.xcassets in Resources */,
				2F44BE552BD5853400C56CFA /* AmbitBold.ttf in Resources */,
			);
			runOnlyForDeploymentPostprocessing = 0;
		};
		2FC48A4C2B7D1F2C0042485E /* Resources */ = {
			isa = PBXResourcesBuildPhase;
			buildActionMask = 2147483647;
			files = (
				2FC48A762B7D223F0042485E /* UtellySampleResponse.json in Resources */,
			);
			runOnlyForDeploymentPostprocessing = 0;
		};
/* End PBXResourcesBuildPhase section */

/* Begin PBXSourcesBuildPhase section */
		2FC48A392B7D1F2C0042485E /* Sources */ = {
			isa = PBXSourcesBuildPhase;
			buildActionMask = 2147483647;
			files = (
				2F9AB7B12BF7753A00CC2C61 /* ModalVersion.swift in Sources */,
				2FC48A6F2B7D20250042485E /* UtellyModel.swift in Sources */,
				2FA0C7DC2BC1D95C00D52BDD /* CoachMark.swift in Sources */,
				2FC48A432B7D1F2C0042485E /* ResultView.swift in Sources */,
				2F867ED32BE54ACB00ECC1ED /* GeometryReaderTestView.swift in Sources */,
				2F8DCB9D2B7F9E5900466CF0 /* SeriesScoutViewModel.swift in Sources */,
				2F9AB78E2BF3A14800CC2C61 /* ResultsRatingOverviewView.swift in Sources */,
				2FC48A412B7D1F2C0042485E /* SeriesScoutApp.swift in Sources */,
				2F9AB7902BF3A9F800CC2C61 /* ZStacksAndScrollView.swift in Sources */,
				2F3108762BE9392C00799115 /* TDAProjCode.swift in Sources */,
				2FC48A712B7D207B0042485E /* SeriesScoutNetworkService.swift in Sources */,
				2F8EDAFB2BBEE85300D7785D /* GenericErrorView.swift in Sources */,
				2F9AB78C2BF39F2C00CC2C61 /* SearchResultCardView.swift in Sources */,
				2F2DE36E2BE008FC00636A0E /* TipKit.swift in Sources */,
				2F7578292BCC4D630090306F /* CoachMarksUserDefaults.swift in Sources */,
				2F6F396B2BC3205200CECC85 /* PointerView.swift in Sources */,
			);
			runOnlyForDeploymentPostprocessing = 0;
		};
		2FC48A4A2B7D1F2C0042485E /* Sources */ = {
			isa = PBXSourcesBuildPhase;
			buildActionMask = 2147483647;
			files = (
				2F9AB6C02BEFE29700CC2C61 /* CoachMarkViewTests.swift in Sources */,
				2F8DCBAA2B7FAB2700466CF0 /* SeriesScoutViewModelTests.swift in Sources */,
				2F6FC3B12BA8A81900E1BD54 /* SeriesScoutNetworkServiceIntegrationTests.swift in Sources */,
				2F9AB6B42BEFC3EA00CC2C61 /* CoachMarksUserDefaultsTests.swift in Sources */,
				2F8DCBAC2B7FC6B000466CF0 /* MockedSeriesScoutNetworkService.swift in Sources */,
			);
			runOnlyForDeploymentPostprocessing = 0;
		};
/* End PBXSourcesBuildPhase section */

/* Begin PBXTargetDependency section */
		2FC48A502B7D1F2C0042485E /* PBXTargetDependency */ = {
			isa = PBXTargetDependency;
			target = 2FC48A3C2B7D1F2C0042485E /* SeriesScout */;
			targetProxy = 2FC48A4F2B7D1F2C0042485E /* PBXContainerItemProxy */;
		};
/* End PBXTargetDependency section */

/* Begin XCBuildConfiguration section */
		2FC48A602B7D1F2C0042485E /* Debug */ = {
			isa = XCBuildConfiguration;
			buildSettings = {
				ALWAYS_SEARCH_USER_PATHS = NO;
				ASSETCATALOG_COMPILER_GENERATE_SWIFT_ASSET_SYMBOL_EXTENSIONS = YES;
				CLANG_ANALYZER_NONNULL = YES;
				CLANG_ANALYZER_NUMBER_OBJECT_CONVERSION = YES_AGGRESSIVE;
				CLANG_CXX_LANGUAGE_STANDARD = "gnu++20";
				CLANG_ENABLE_MODULES = YES;
				CLANG_ENABLE_OBJC_ARC = YES;
				CLANG_ENABLE_OBJC_WEAK = YES;
				CLANG_WARN_BLOCK_CAPTURE_AUTORELEASING = YES;
				CLANG_WARN_BOOL_CONVERSION = YES;
				CLANG_WARN_COMMA = YES;
				CLANG_WARN_CONSTANT_CONVERSION = YES;
				CLANG_WARN_DEPRECATED_OBJC_IMPLEMENTATIONS = YES;
				CLANG_WARN_DIRECT_OBJC_ISA_USAGE = YES_ERROR;
				CLANG_WARN_DOCUMENTATION_COMMENTS = YES;
				CLANG_WARN_EMPTY_BODY = YES;
				CLANG_WARN_ENUM_CONVERSION = YES;
				CLANG_WARN_INFINITE_RECURSION = YES;
				CLANG_WARN_INT_CONVERSION = YES;
				CLANG_WARN_NON_LITERAL_NULL_CONVERSION = YES;
				CLANG_WARN_OBJC_IMPLICIT_RETAIN_SELF = YES;
				CLANG_WARN_OBJC_LITERAL_CONVERSION = YES;
				CLANG_WARN_OBJC_ROOT_CLASS = YES_ERROR;
				CLANG_WARN_QUOTED_INCLUDE_IN_FRAMEWORK_HEADER = YES;
				CLANG_WARN_RANGE_LOOP_ANALYSIS = YES;
				CLANG_WARN_STRICT_PROTOTYPES = YES;
				CLANG_WARN_SUSPICIOUS_MOVE = YES;
				CLANG_WARN_UNGUARDED_AVAILABILITY = YES_AGGRESSIVE;
				CLANG_WARN_UNREACHABLE_CODE = YES;
				CLANG_WARN__DUPLICATE_METHOD_MATCH = YES;
				COPY_PHASE_STRIP = NO;
				DEBUG_INFORMATION_FORMAT = dwarf;
				ENABLE_STRICT_OBJC_MSGSEND = YES;
				ENABLE_TESTABILITY = YES;
				ENABLE_USER_SCRIPT_SANDBOXING = YES;
				GCC_C_LANGUAGE_STANDARD = gnu17;
				GCC_DYNAMIC_NO_PIC = NO;
				GCC_NO_COMMON_BLOCKS = YES;
				GCC_OPTIMIZATION_LEVEL = 0;
				GCC_PREPROCESSOR_DEFINITIONS = (
					"DEBUG=1",
					"$(inherited)",
				);
				GCC_WARN_64_TO_32_BIT_CONVERSION = YES;
				GCC_WARN_ABOUT_RETURN_TYPE = YES_ERROR;
				GCC_WARN_UNDECLARED_SELECTOR = YES;
				GCC_WARN_UNINITIALIZED_AUTOS = YES_AGGRESSIVE;
				GCC_WARN_UNUSED_FUNCTION = YES;
				GCC_WARN_UNUSED_VARIABLE = YES;
				LOCALIZATION_PREFERS_STRING_CATALOGS = YES;
				MTL_ENABLE_DEBUG_INFO = INCLUDE_SOURCE;
				MTL_FAST_MATH = YES;
				ONLY_ACTIVE_ARCH = YES;
				SWIFT_ACTIVE_COMPILATION_CONDITIONS = "DEBUG $(inherited)";
				SWIFT_OPTIMIZATION_LEVEL = "-Onone";
			};
			name = Debug;
		};
		2FC48A612B7D1F2C0042485E /* Release */ = {
			isa = XCBuildConfiguration;
			buildSettings = {
				ALWAYS_SEARCH_USER_PATHS = NO;
				ASSETCATALOG_COMPILER_GENERATE_SWIFT_ASSET_SYMBOL_EXTENSIONS = YES;
				CLANG_ANALYZER_NONNULL = YES;
				CLANG_ANALYZER_NUMBER_OBJECT_CONVERSION = YES_AGGRESSIVE;
				CLANG_CXX_LANGUAGE_STANDARD = "gnu++20";
				CLANG_ENABLE_MODULES = YES;
				CLANG_ENABLE_OBJC_ARC = YES;
				CLANG_ENABLE_OBJC_WEAK = YES;
				CLANG_WARN_BLOCK_CAPTURE_AUTORELEASING = YES;
				CLANG_WARN_BOOL_CONVERSION = YES;
				CLANG_WARN_COMMA = YES;
				CLANG_WARN_CONSTANT_CONVERSION = YES;
				CLANG_WARN_DEPRECATED_OBJC_IMPLEMENTATIONS = YES;
				CLANG_WARN_DIRECT_OBJC_ISA_USAGE = YES_ERROR;
				CLANG_WARN_DOCUMENTATION_COMMENTS = YES;
				CLANG_WARN_EMPTY_BODY = YES;
				CLANG_WARN_ENUM_CONVERSION = YES;
				CLANG_WARN_INFINITE_RECURSION = YES;
				CLANG_WARN_INT_CONVERSION = YES;
				CLANG_WARN_NON_LITERAL_NULL_CONVERSION = YES;
				CLANG_WARN_OBJC_IMPLICIT_RETAIN_SELF = YES;
				CLANG_WARN_OBJC_LITERAL_CONVERSION = YES;
				CLANG_WARN_OBJC_ROOT_CLASS = YES_ERROR;
				CLANG_WARN_QUOTED_INCLUDE_IN_FRAMEWORK_HEADER = YES;
				CLANG_WARN_RANGE_LOOP_ANALYSIS = YES;
				CLANG_WARN_STRICT_PROTOTYPES = YES;
				CLANG_WARN_SUSPICIOUS_MOVE = YES;
				CLANG_WARN_UNGUARDED_AVAILABILITY = YES_AGGRESSIVE;
				CLANG_WARN_UNREACHABLE_CODE = YES;
				CLANG_WARN__DUPLICATE_METHOD_MATCH = YES;
				COPY_PHASE_STRIP = NO;
				DEBUG_INFORMATION_FORMAT = "dwarf-with-dsym";
				ENABLE_NS_ASSERTIONS = NO;
				ENABLE_STRICT_OBJC_MSGSEND = YES;
				ENABLE_USER_SCRIPT_SANDBOXING = YES;
				GCC_C_LANGUAGE_STANDARD = gnu17;
				GCC_NO_COMMON_BLOCKS = YES;
				GCC_WARN_64_TO_32_BIT_CONVERSION = YES;
				GCC_WARN_ABOUT_RETURN_TYPE = YES_ERROR;
				GCC_WARN_UNDECLARED_SELECTOR = YES;
				GCC_WARN_UNINITIALIZED_AUTOS = YES_AGGRESSIVE;
				GCC_WARN_UNUSED_FUNCTION = YES;
				GCC_WARN_UNUSED_VARIABLE = YES;
				LOCALIZATION_PREFERS_STRING_CATALOGS = YES;
				MTL_ENABLE_DEBUG_INFO = NO;
				MTL_FAST_MATH = YES;
				SWIFT_COMPILATION_MODE = wholemodule;
			};
			name = Release;
		};
		2FC48A632B7D1F2C0042485E /* Debug */ = {
			isa = XCBuildConfiguration;
			buildSettings = {
				ASSETCATALOG_COMPILER_APPICON_NAME = AppIcon;
				ASSETCATALOG_COMPILER_GLOBAL_ACCENT_COLOR_NAME = AccentColor;
				CODE_SIGN_ENTITLEMENTS = SeriesScout/SeriesScout.entitlements;
				CODE_SIGN_STYLE = Automatic;
				CURRENT_PROJECT_VERSION = 1;
				DEVELOPMENT_ASSET_PATHS = "\"SeriesScout/Preview Content\"";
				DEVELOPMENT_TEAM = P3C9LFY2Z3;
				ENABLE_HARDENED_RUNTIME = YES;
				ENABLE_PREVIEWS = YES;
				GENERATE_INFOPLIST_FILE = YES;
				INFOPLIST_FILE = SeriesScout/Info.plist;
				"INFOPLIST_KEY_UIApplicationSceneManifest_Generation[sdk=iphoneos*]" = YES;
				"INFOPLIST_KEY_UIApplicationSceneManifest_Generation[sdk=iphonesimulator*]" = YES;
				"INFOPLIST_KEY_UIApplicationSupportsIndirectInputEvents[sdk=iphoneos*]" = YES;
				"INFOPLIST_KEY_UIApplicationSupportsIndirectInputEvents[sdk=iphonesimulator*]" = YES;
				"INFOPLIST_KEY_UILaunchScreen_Generation[sdk=iphoneos*]" = YES;
				"INFOPLIST_KEY_UILaunchScreen_Generation[sdk=iphonesimulator*]" = YES;
				"INFOPLIST_KEY_UIStatusBarStyle[sdk=iphoneos*]" = UIStatusBarStyleDefault;
				"INFOPLIST_KEY_UIStatusBarStyle[sdk=iphonesimulator*]" = UIStatusBarStyleDefault;
				INFOPLIST_KEY_UISupportedInterfaceOrientations_iPad = "UIInterfaceOrientationPortrait UIInterfaceOrientationPortraitUpsideDown UIInterfaceOrientationLandscapeLeft UIInterfaceOrientationLandscapeRight";
				INFOPLIST_KEY_UISupportedInterfaceOrientations_iPhone = "UIInterfaceOrientationPortrait UIInterfaceOrientationLandscapeLeft UIInterfaceOrientationLandscapeRight";
				IPHONEOS_DEPLOYMENT_TARGET = 17.2;
				LD_RUNPATH_SEARCH_PATHS = "@executable_path/Frameworks";
				"LD_RUNPATH_SEARCH_PATHS[sdk=macosx*]" = "@executable_path/../Frameworks";
				MACOSX_DEPLOYMENT_TARGET = 14.2;
				MARKETING_VERSION = 1.0;
				PRODUCT_BUNDLE_IDENTIFIER = com.AashiqMortimer.SeriesScout;
				PRODUCT_NAME = "$(TARGET_NAME)";
				SDKROOT = auto;
				SUPPORTED_PLATFORMS = "iphoneos iphonesimulator macosx";
				SWIFT_EMIT_LOC_STRINGS = YES;
				SWIFT_VERSION = 5.0;
				TARGETED_DEVICE_FAMILY = "1,2";
			};
			name = Debug;
		};
		2FC48A642B7D1F2C0042485E /* Release */ = {
			isa = XCBuildConfiguration;
			buildSettings = {
				ASSETCATALOG_COMPILER_APPICON_NAME = AppIcon;
				ASSETCATALOG_COMPILER_GLOBAL_ACCENT_COLOR_NAME = AccentColor;
				CODE_SIGN_ENTITLEMENTS = SeriesScout/SeriesScout.entitlements;
				CODE_SIGN_STYLE = Automatic;
				CURRENT_PROJECT_VERSION = 1;
				DEVELOPMENT_ASSET_PATHS = "\"SeriesScout/Preview Content\"";
				DEVELOPMENT_TEAM = P3C9LFY2Z3;
				ENABLE_HARDENED_RUNTIME = YES;
				ENABLE_PREVIEWS = YES;
				GENERATE_INFOPLIST_FILE = YES;
				INFOPLIST_FILE = SeriesScout/Info.plist;
				"INFOPLIST_KEY_UIApplicationSceneManifest_Generation[sdk=iphoneos*]" = YES;
				"INFOPLIST_KEY_UIApplicationSceneManifest_Generation[sdk=iphonesimulator*]" = YES;
				"INFOPLIST_KEY_UIApplicationSupportsIndirectInputEvents[sdk=iphoneos*]" = YES;
				"INFOPLIST_KEY_UIApplicationSupportsIndirectInputEvents[sdk=iphonesimulator*]" = YES;
				"INFOPLIST_KEY_UILaunchScreen_Generation[sdk=iphoneos*]" = YES;
				"INFOPLIST_KEY_UILaunchScreen_Generation[sdk=iphonesimulator*]" = YES;
				"INFOPLIST_KEY_UIStatusBarStyle[sdk=iphoneos*]" = UIStatusBarStyleDefault;
				"INFOPLIST_KEY_UIStatusBarStyle[sdk=iphonesimulator*]" = UIStatusBarStyleDefault;
				INFOPLIST_KEY_UISupportedInterfaceOrientations_iPad = "UIInterfaceOrientationPortrait UIInterfaceOrientationPortraitUpsideDown UIInterfaceOrientationLandscapeLeft UIInterfaceOrientationLandscapeRight";
				INFOPLIST_KEY_UISupportedInterfaceOrientations_iPhone = "UIInterfaceOrientationPortrait UIInterfaceOrientationLandscapeLeft UIInterfaceOrientationLandscapeRight";
				IPHONEOS_DEPLOYMENT_TARGET = 17.2;
				LD_RUNPATH_SEARCH_PATHS = "@executable_path/Frameworks";
				"LD_RUNPATH_SEARCH_PATHS[sdk=macosx*]" = "@executable_path/../Frameworks";
				MACOSX_DEPLOYMENT_TARGET = 14.2;
				MARKETING_VERSION = 1.0;
				PRODUCT_BUNDLE_IDENTIFIER = com.AashiqMortimer.SeriesScout;
				PRODUCT_NAME = "$(TARGET_NAME)";
				SDKROOT = auto;
				SUPPORTED_PLATFORMS = "iphoneos iphonesimulator macosx";
				SWIFT_EMIT_LOC_STRINGS = YES;
				SWIFT_VERSION = 5.0;
				TARGETED_DEVICE_FAMILY = "1,2";
			};
			name = Release;
		};
		2FC48A662B7D1F2C0042485E /* Debug */ = {
			isa = XCBuildConfiguration;
			buildSettings = {
				ALWAYS_EMBED_SWIFT_STANDARD_LIBRARIES = YES;
				BUNDLE_LOADER = "$(TEST_HOST)";
				CODE_SIGN_STYLE = Automatic;
				CURRENT_PROJECT_VERSION = 1;
				DEVELOPMENT_TEAM = P3C9LFY2Z3;
				GENERATE_INFOPLIST_FILE = YES;
				IPHONEOS_DEPLOYMENT_TARGET = 17.2;
				MACOSX_DEPLOYMENT_TARGET = 14.2;
				MARKETING_VERSION = 1.0;
				PRODUCT_BUNDLE_IDENTIFIER = com.AashiqMortimer.SeriesScoutTests;
				PRODUCT_NAME = "$(TARGET_NAME)";
				SDKROOT = auto;
				SUPPORTED_PLATFORMS = "iphoneos iphonesimulator macosx";
				SWIFT_EMIT_LOC_STRINGS = NO;
				SWIFT_VERSION = 5.0;
				TARGETED_DEVICE_FAMILY = "1,2";
				TEST_HOST = "$(BUILT_PRODUCTS_DIR)/SeriesScout.app/$(BUNDLE_EXECUTABLE_FOLDER_PATH)/SeriesScout";
			};
			name = Debug;
		};
		2FC48A672B7D1F2C0042485E /* Release */ = {
			isa = XCBuildConfiguration;
			buildSettings = {
				ALWAYS_EMBED_SWIFT_STANDARD_LIBRARIES = YES;
				BUNDLE_LOADER = "$(TEST_HOST)";
				CODE_SIGN_STYLE = Automatic;
				CURRENT_PROJECT_VERSION = 1;
				DEVELOPMENT_TEAM = P3C9LFY2Z3;
				GENERATE_INFOPLIST_FILE = YES;
				IPHONEOS_DEPLOYMENT_TARGET = 17.2;
				MACOSX_DEPLOYMENT_TARGET = 14.2;
				MARKETING_VERSION = 1.0;
				PRODUCT_BUNDLE_IDENTIFIER = com.AashiqMortimer.SeriesScoutTests;
				PRODUCT_NAME = "$(TARGET_NAME)";
				SDKROOT = auto;
				SUPPORTED_PLATFORMS = "iphoneos iphonesimulator macosx";
				SWIFT_EMIT_LOC_STRINGS = NO;
				SWIFT_VERSION = 5.0;
				TARGETED_DEVICE_FAMILY = "1,2";
				TEST_HOST = "$(BUILT_PRODUCTS_DIR)/SeriesScout.app/$(BUNDLE_EXECUTABLE_FOLDER_PATH)/SeriesScout";
			};
			name = Release;
		};
/* End XCBuildConfiguration section */

/* Begin XCConfigurationList section */
		2FC48A382B7D1F2C0042485E /* Build configuration list for PBXProject "SeriesScout" */ = {
			isa = XCConfigurationList;
			buildConfigurations = (
				2FC48A602B7D1F2C0042485E /* Debug */,
				2FC48A612B7D1F2C0042485E /* Release */,
			);
			defaultConfigurationIsVisible = 0;
			defaultConfigurationName = Release;
		};
		2FC48A622B7D1F2C0042485E /* Build configuration list for PBXNativeTarget "SeriesScout" */ = {
			isa = XCConfigurationList;
			buildConfigurations = (
				2FC48A632B7D1F2C0042485E /* Debug */,
				2FC48A642B7D1F2C0042485E /* Release */,
			);
			defaultConfigurationIsVisible = 0;
			defaultConfigurationName = Release;
		};
		2FC48A652B7D1F2C0042485E /* Build configuration list for PBXNativeTarget "SeriesScoutTests" */ = {
			isa = XCConfigurationList;
			buildConfigurations = (
				2FC48A662B7D1F2C0042485E /* Debug */,
				2FC48A672B7D1F2C0042485E /* Release */,
			);
			defaultConfigurationIsVisible = 0;
			defaultConfigurationName = Release;
		};
/* End XCConfigurationList section */

/* Begin XCRemoteSwiftPackageReference section */
		2F9AB6B82BEFE1D700CC2C61 /* XCRemoteSwiftPackageReference "swift-snapshot-testing" */ = {
			isa = XCRemoteSwiftPackageReference;
			repositoryURL = "https://github.com/pointfreeco/swift-snapshot-testing";
			requirement = {
				kind = upToNextMajorVersion;
				minimumVersion = 1.16.0;
			};
		};
/* End XCRemoteSwiftPackageReference section */

/* Begin XCSwiftPackageProductDependency section */
		2F9AB6B92BEFE1D700CC2C61 /* InlineSnapshotTesting */ = {
			isa = XCSwiftPackageProductDependency;
			package = 2F9AB6B82BEFE1D700CC2C61 /* XCRemoteSwiftPackageReference "swift-snapshot-testing" */;
			productName = InlineSnapshotTesting;
		};
		2F9AB6BB2BEFE1D700CC2C61 /* SnapshotTesting */ = {
			isa = XCSwiftPackageProductDependency;
			package = 2F9AB6B82BEFE1D700CC2C61 /* XCRemoteSwiftPackageReference "swift-snapshot-testing" */;
			productName = SnapshotTesting;
		};
/* End XCSwiftPackageProductDependency section */
	};
	rootObject = 2FC48A352B7D1F2C0042485E /* Project object */;
}
